
Microsoft Visual Studio Solution File, Format Version 12.00
# Visual Studio Version 16
VisualStudioVersion = 16.0.31613.86
MinimumVisualStudioVersion = 10.0.40219.1
Project("{9A19103F-16F7-4668-BE54-9A1E7A4F7556}") = "telegramPokedexBotWebhook", "telegramPokedexBotWebhook.csproj", "{8AB3C0FC-D3F2-41C2-81C3-23CADEE56D8B}"
EndProject
Global
	GlobalSection(SolutionConfigurationPlatforms) = preSolution
		Debug|Any CPU = Debug|Any CPU
		Release|Any CPU = Release|Any CPU
	EndGlobalSection
	GlobalSection(ProjectConfigurationPlatforms) = postSolution
		{8AB3C0FC-D3F2-41C2-81C3-23CADEE56D8B}.Debug|Any CPU.ActiveCfg = Debug|Any CPU
		{8AB3C0FC-D3F2-41C2-81C3-23CADEE56D8B}.Debug|Any CPU.Build.0 = Debug|Any CPU
		{8AB3C0FC-D3F2-41C2-81C3-23CADEE56D8B}.Release|Any CPU.ActiveCfg = Release|Any CPU
		{8AB3C0FC-D3F2-41C2-81C3-23CADEE56D8B}.Release|Any CPU.Build.0 = Release|Any CPU
	EndGlobalSection
	GlobalSection(SolutionProperties) = preSolution
		HideSolutionNode = FALSE
	EndGlobalSection
	GlobalSection(ExtensibilityGlobals) = postSolution
		SolutionGuid = {2EA54121-977E-4C0F-BE21-2D3E02746AC7}
	EndGlobalSection
EndGlobal
